
Microsoft Visual Studio Solution File, Format Version 12.00
# Visual Studio Version 16
VisualStudioVersion = 16.0.29613.14
MinimumVisualStudioVersion = 10.0.40219.1
Project("{FAE04EC0-301F-11D3-BF4B-00C04F79EFBC}") = "TZEApi", "TZEApi\TZEApi.csproj", "{22DF2F14-5EA6-44F1-9879-BBE5926F7674}"
EndProject
Global
	GlobalSection(SolutionConfigurationPlatforms) = preSolution
		Debug|Any CPU = Debug|Any CPU
		Release|Any CPU = Release|Any CPU
	EndGlobalSection
	GlobalSection(ProjectConfigurationPlatforms) = postSolution
		{22DF2F14-5EA6-44F1-9879-BBE5926F7674}.Debug|Any CPU.ActiveCfg = Debug|Any CPU
		{22DF2F14-5EA6-44F1-9879-BBE5926F7674}.Debug|Any CPU.Build.0 = Debug|Any CPU
		{22DF2F14-5EA6-44F1-9879-BBE5926F7674}.Release|Any CPU.ActiveCfg = Release|Any CPU
		{22DF2F14-5EA6-44F1-9879-BBE5926F7674}.Release|Any CPU.Build.0 = Release|Any CPU
	EndGlobalSection
	GlobalSection(SolutionProperties) = preSolution
		HideSolutionNode = FALSE
	EndGlobalSection
	GlobalSection(ExtensibilityGlobals) = postSolution
		SolutionGuid = {A438F78B-C8F3-4C2B-8993-079686AF0155}
	EndGlobalSection
EndGlobal
